{
  "name": "bale",
  "version": "1.0.0",
  "lockfileVersion": 1,
  "requires": true,
  "dependencies": {
    "esprima": {
      "version": "http://registry.npm.taobao.org/esprima/download/esprima-4.0.0.tgz"
    },
    "jquery": {
      "version": "3.3.1",
      "resolved": "https://registry.npmjs.org/jquery/-/jquery-3.3.1.tgz",
      "integrity": "sha512-Ubldcmxp5np52/ENotGxlLe6aGMvmF4R8S6tZjsP6Knsaxd/xp3Zrh50cG93lR6nPXyUFwzN3ZSOQI0wRJNdGg==",
      "dev": true
    },
    "optimist": {
      "version": "http://registry.npm.taobao.org/optimist/download/optimist-0.6.1.tgz",
      "requires": {
        "minimist": "http://registry.npm.taobao.org/minimist/download/minimist-0.0.10.tgz",
        "wordwrap": "http://registry.npm.taobao.org/wordwrap/download/wordwrap-0.0.3.tgz"
      },
      "dependencies": {
        "minimist": {
          "version": "http://registry.npm.taobao.org/minimist/download/minimist-0.0.10.tgz"
        },
        "wordwrap": {
          "version": "http://registry.npm.taobao.org/wordwrap/download/wordwrap-0.0.3.tgz"
        }
      }
    }
  }
}
